# THIS IS AN AUTOGENERATED FILE. DO NOT EDIT THIS FILE DIRECTLY.
# yarn lockfile v1


gatsby-plugin-offline@^2.2.4:
  version "2.2.10"
  resolved "https://registry.yarnpkg.com/gatsby-plugin-offline/-/gatsby-plugin-offline-2.2.10.tgz#ff57ce38f2ecd115af45005fcfd7c0c90a8f07f2"
  integrity sha512-S+fzmu/7vPDyZyZLMpiQniQllnjgBx87k8Ii00Nea6oij9TlEYpRVTFEtJO+6P8QyF20PxoKvq0ZNmuxK9mAiw==
  dependencies:
    "@babel/runtime" "^7.5.5"
    cheerio "^1.0.0-rc.3"
    idb-keyval "^3.2.0"
    lodash "^4.17.15"
    slash "^3.0.0"
    workbox-build "^3.6.3"
